
Microsoft Visual Studio Solution File, Format Version 12.00
# Visual Studio Version 17
VisualStudioVersion = 17.2.32519.379
MinimumVisualStudioVersion = 10.0.40219.1
Project("{9A19103F-16F7-4668-BE54-9A1E7A4F7556}") = "Pfm.Collections", "Pfm.Collections\Pfm.Collections.csproj", "{CB9BABB5-E424-4153-8BAD-0C97E3B729E1}"
EndProject
Project("{9A19103F-16F7-4668-BE54-9A1E7A4F7556}") = "Pfm.Test", "Pfm.Test\Pfm.Test.csproj", "{42435E95-47B3-4D37-ACAD-562EBCA8AFCB}"
EndProject
Project("{9A19103F-16F7-4668-BE54-9A1E7A4F7556}") = "Pfm.Benchmark", "Pfm.Benchmark\Pfm.Benchmark.csproj", "{6D3EB6BB-1EE6-4A27-B7D9-6F3926A3F735}"
EndProject
Project("{2150E333-8FDC-42A3-9474-1A3956D46DE8}") = "Solution Items", "Solution Items", "{2DA3FE0C-E4A3-43F2-9C14-A8294AF3DD91}"
	ProjectSection(SolutionItems) = preProject
		README.md = README.md
	EndProjectSection
EndProject
Global
	GlobalSection(SolutionConfigurationPlatforms) = preSolution
		Debug|Any CPU = Debug|Any CPU
		Release|Any CPU = Release|Any CPU
	EndGlobalSection
	GlobalSection(ProjectConfigurationPlatforms) = postSolution
		{CB9BABB5-E424-4153-8BAD-0C97E3B729E1}.Debug|Any CPU.ActiveCfg = Debug|Any CPU
		{CB9BABB5-E424-4153-8BAD-0C97E3B729E1}.Debug|Any CPU.Build.0 = Debug|Any CPU
		{CB9BABB5-E424-4153-8BAD-0C97E3B729E1}.Release|Any CPU.ActiveCfg = Release|Any CPU
		{CB9BABB5-E424-4153-8BAD-0C97E3B729E1}.Release|Any CPU.Build.0 = Release|Any CPU
		{42435E95-47B3-4D37-ACAD-562EBCA8AFCB}.Debug|Any CPU.ActiveCfg = Debug|Any CPU
		{42435E95-47B3-4D37-ACAD-562EBCA8AFCB}.Debug|Any CPU.Build.0 = Debug|Any CPU
		{42435E95-47B3-4D37-ACAD-562EBCA8AFCB}.Release|Any CPU.ActiveCfg = Release|Any CPU
		{42435E95-47B3-4D37-ACAD-562EBCA8AFCB}.Release|Any CPU.Build.0 = Release|Any CPU
		{6D3EB6BB-1EE6-4A27-B7D9-6F3926A3F735}.Debug|Any CPU.ActiveCfg = Debug|Any CPU
		{6D3EB6BB-1EE6-4A27-B7D9-6F3926A3F735}.Debug|Any CPU.Build.0 = Debug|Any CPU
		{6D3EB6BB-1EE6-4A27-B7D9-6F3926A3F735}.Release|Any CPU.ActiveCfg = Release|Any CPU
		{6D3EB6BB-1EE6-4A27-B7D9-6F3926A3F735}.Release|Any CPU.Build.0 = Release|Any CPU
	EndGlobalSection
	GlobalSection(SolutionProperties) = preSolution
		HideSolutionNode = FALSE
	EndGlobalSection
	GlobalSection(ExtensibilityGlobals) = postSolution
		SolutionGuid = {60F3A989-05F5-4651-8E54-077E428A915D}
	EndGlobalSection
EndGlobal
