
Microsoft Visual Studio Solution File, Format Version 12.00
# Visual Studio Version 17
VisualStudioVersion = 17.2.32519.379
MinimumVisualStudioVersion = 10.0.40219.1
Project("{9A19103F-16F7-4668-BE54-9A1E7A4F7556}") = "Podaga.PersistentCollections", "Pfm.Collections\Podaga.PersistentCollections.csproj", "{CB9BABB5-E424-4153-8BAD-0C97E3B729E1}"
EndProject
Project("{9A19103F-16F7-4668-BE54-9A1E7A4F7556}") = "Podaga.PersistentCollections.Test", "Pfm.Test\Podaga.PersistentCollections.Test.csproj", "{42435E95-47B3-4D37-ACAD-562EBCA8AFCB}"
EndProject
Project("{9A19103F-16F7-4668-BE54-9A1E7A4F7556}") = "Podaga.PersistentCollections.Benchmark", "Pfm.Benchmark\Podaga.PersistentCollections.Benchmark.csproj", "{6D3EB6BB-1EE6-4A27-B7D9-6F3926A3F735}"
EndProject
Project("{2150E333-8FDC-42A3-9474-1A3956D46DE8}") = "Solution Items", "Solution Items", "{2DA3FE0C-E4A3-43F2-9C14-A8294AF3DD91}"
	ProjectSection(SolutionItems) = preProject
		README.md = README.md
	EndProjectSection
EndProject
Project("{D954291E-2A0B-460D-934E-DC6B0785DB48}") = "Podaga.PersistentCollections,.Shared", "IntTree\Podaga.PersistentCollections,.Shared.shproj", "{BECB907A-6B35-4C7D-9E19-0A80F3C57B6A}"
EndProject
Project("{7CF6DF6D-3B04-46F8-A40B-537D21BCA0B4}") = "SBDOC", "Docs\SBDOC\SBDOC.shfbproj", "{E01F5286-2399-41EB-ACC0-BC7AAC27743C}"
EndProject
Global
	GlobalSection(SolutionConfigurationPlatforms) = preSolution
		Debug|Any CPU = Debug|Any CPU
		Debug|x64 = Debug|x64
		Release|Any CPU = Release|Any CPU
		Release|x64 = Release|x64
	EndGlobalSection
	GlobalSection(ProjectConfigurationPlatforms) = postSolution
		{CB9BABB5-E424-4153-8BAD-0C97E3B729E1}.Debug|Any CPU.ActiveCfg = Debug|Any CPU
		{CB9BABB5-E424-4153-8BAD-0C97E3B729E1}.Debug|Any CPU.Build.0 = Debug|Any CPU
		{CB9BABB5-E424-4153-8BAD-0C97E3B729E1}.Debug|x64.ActiveCfg = Debug|x64
		{CB9BABB5-E424-4153-8BAD-0C97E3B729E1}.Debug|x64.Build.0 = Debug|x64
		{CB9BABB5-E424-4153-8BAD-0C97E3B729E1}.Release|Any CPU.ActiveCfg = Release|Any CPU
		{CB9BABB5-E424-4153-8BAD-0C97E3B729E1}.Release|Any CPU.Build.0 = Release|Any CPU
		{CB9BABB5-E424-4153-8BAD-0C97E3B729E1}.Release|x64.ActiveCfg = Release|x64
		{CB9BABB5-E424-4153-8BAD-0C97E3B729E1}.Release|x64.Build.0 = Release|x64
		{42435E95-47B3-4D37-ACAD-562EBCA8AFCB}.Debug|Any CPU.ActiveCfg = Debug|Any CPU
		{42435E95-47B3-4D37-ACAD-562EBCA8AFCB}.Debug|Any CPU.Build.0 = Debug|Any CPU
		{42435E95-47B3-4D37-ACAD-562EBCA8AFCB}.Debug|x64.ActiveCfg = Debug|x64
		{42435E95-47B3-4D37-ACAD-562EBCA8AFCB}.Debug|x64.Build.0 = Debug|x64
		{42435E95-47B3-4D37-ACAD-562EBCA8AFCB}.Release|Any CPU.ActiveCfg = Release|Any CPU
		{42435E95-47B3-4D37-ACAD-562EBCA8AFCB}.Release|Any CPU.Build.0 = Release|Any CPU
		{42435E95-47B3-4D37-ACAD-562EBCA8AFCB}.Release|x64.ActiveCfg = Release|x64
		{42435E95-47B3-4D37-ACAD-562EBCA8AFCB}.Release|x64.Build.0 = Release|x64
		{6D3EB6BB-1EE6-4A27-B7D9-6F3926A3F735}.Debug|Any CPU.ActiveCfg = Debug|Any CPU
		{6D3EB6BB-1EE6-4A27-B7D9-6F3926A3F735}.Debug|Any CPU.Build.0 = Debug|Any CPU
		{6D3EB6BB-1EE6-4A27-B7D9-6F3926A3F735}.Debug|x64.ActiveCfg = Debug|x64
		{6D3EB6BB-1EE6-4A27-B7D9-6F3926A3F735}.Debug|x64.Build.0 = Debug|x64
		{6D3EB6BB-1EE6-4A27-B7D9-6F3926A3F735}.Release|Any CPU.ActiveCfg = Release|Any CPU
		{6D3EB6BB-1EE6-4A27-B7D9-6F3926A3F735}.Release|Any CPU.Build.0 = Release|Any CPU
		{6D3EB6BB-1EE6-4A27-B7D9-6F3926A3F735}.Release|x64.ActiveCfg = Release|x64
		{6D3EB6BB-1EE6-4A27-B7D9-6F3926A3F735}.Release|x64.Build.0 = Release|x64
		{E01F5286-2399-41EB-ACC0-BC7AAC27743C}.Debug|Any CPU.ActiveCfg = Debug|Any CPU
		{E01F5286-2399-41EB-ACC0-BC7AAC27743C}.Debug|x64.ActiveCfg = Debug|Any CPU
		{E01F5286-2399-41EB-ACC0-BC7AAC27743C}.Debug|x64.Build.0 = Debug|Any CPU
		{E01F5286-2399-41EB-ACC0-BC7AAC27743C}.Release|Any CPU.ActiveCfg = Release|Any CPU
		{E01F5286-2399-41EB-ACC0-BC7AAC27743C}.Release|x64.ActiveCfg = Release|Any CPU
	EndGlobalSection
	GlobalSection(SolutionProperties) = preSolution
		HideSolutionNode = FALSE
	EndGlobalSection
	GlobalSection(ExtensibilityGlobals) = postSolution
		SolutionGuid = {60F3A989-05F5-4651-8E54-077E428A915D}
	EndGlobalSection
	GlobalSection(SharedMSBuildProjectFiles) = preSolution
		IntTree\IntTree.projitems*{42435e95-47b3-4d37-acad-562ebca8afcb}*SharedItemsImports = 5
		IntTree\IntTree.projitems*{6d3eb6bb-1ee6-4a27-b7d9-6f3926a3f735}*SharedItemsImports = 5
		IntTree\IntTree.projitems*{becb907a-6b35-4c7d-9e19-0a80f3c57b6a}*SharedItemsImports = 13
	EndGlobalSection
EndGlobal
